
Microsoft Visual Studio Solution File, Format Version 12.00
# Visual Studio 15
VisualStudioVersion = 15.0.28010.2046
MinimumVisualStudioVersion = 10.0.40219.1
Project("{FAE04EC0-301F-11D3-BF4B-00C04F79EFBC}") = "СL3", "СL3\СL3.csproj", "{9F8C51CF-42E6-435F-86C2-66582B65A4CB}"
EndProject
Global
	GlobalSection(SolutionConfigurationPlatforms) = preSolution
		Debug|Any CPU = Debug|Any CPU
		Release|Any CPU = Release|Any CPU
	EndGlobalSection
	GlobalSection(ProjectConfigurationPlatforms) = postSolution
		{9F8C51CF-42E6-435F-86C2-66582B65A4CB}.Debug|Any CPU.ActiveCfg = Debug|Any CPU
		{9F8C51CF-42E6-435F-86C2-66582B65A4CB}.Debug|Any CPU.Build.0 = Debug|Any CPU
		{9F8C51CF-42E6-435F-86C2-66582B65A4CB}.Release|Any CPU.ActiveCfg = Release|Any CPU
		{9F8C51CF-42E6-435F-86C2-66582B65A4CB}.Release|Any CPU.Build.0 = Release|Any CPU
	EndGlobalSection
	GlobalSection(SolutionProperties) = preSolution
		HideSolutionNode = FALSE
	EndGlobalSection
	GlobalSection(ExtensibilityGlobals) = postSolution
		SolutionGuid = {D748089F-2AA2-4AAA-A25F-7D30EFFC5E94}
	EndGlobalSection
EndGlobal
